// !$*UTF8*$!
{
	archiveVersion = 1;
	classes = {
	};
	objectVersion = 55;
	objects = {

/* Begin PBXBuildFile section */
		21ECB79AF5CF3B35F749D530 /* libPods-issueViewerTests.a in Frameworks */ = {isa = PBXBuildFile; fileRef = 4F0771E603E20004AA51B882 /* libPods-issueViewerTests.a */; };
		A8073BA12916D18E006A3FC2 /* IssueDetailInteractor.swift in Sources */ = {isa = PBXBuildFile; fileRef = A8073BA02916D18E006A3FC2 /* IssueDetailInteractor.swift */; };
		A8073BA42916D224006A3FC2 /* IssueDetailPresenter.swift in Sources */ = {isa = PBXBuildFile; fileRef = A8073BA32916D224006A3FC2 /* IssueDetailPresenter.swift */; };
		A8073BA62917F9EC006A3FC2 /* IssueListCoordinatorMock.swift in Sources */ = {isa = PBXBuildFile; fileRef = A8073BA52917F9EC006A3FC2 /* IssueListCoordinatorMock.swift */; };
		A8073BAA291807A1006A3FC2 /* UItableViewCell+Extensions.swift in Sources */ = {isa = PBXBuildFile; fileRef = A8073BA9291807A1006A3FC2 /* UItableViewCell+Extensions.swift */; };
		A8073BAC2918081B006A3FC2 /* UIImageView+Extensions.swift in Sources */ = {isa = PBXBuildFile; fileRef = A8073BAB2918081B006A3FC2 /* UIImageView+Extensions.swift */; };
		A814B50A2918428A007543EC /* IssueDetailCoordinator.swift in Sources */ = {isa = PBXBuildFile; fileRef = A814B5092918428A007543EC /* IssueDetailCoordinator.swift */; };
		A833E2512915960800D545AA /* URL+Extensions.swift in Sources */ = {isa = PBXBuildFile; fileRef = A833E2502915960800D545AA /* URL+Extensions.swift */; };
		A833E2532915A6B700D545AA /* UIColor+Extensions.swift in Sources */ = {isa = PBXBuildFile; fileRef = A833E2522915A6B700D545AA /* UIColor+Extensions.swift */; };
		A8742AE929133D0300A7B8EB /* URLSessionService.swift in Sources */ = {isa = PBXBuildFile; fileRef = A8742AE829133D0300A7B8EB /* URLSessionService.swift */; };
		A8742AEB29133D7E00A7B8EB /* IssuesPresenter.swift in Sources */ = {isa = PBXBuildFile; fileRef = A8742AEA29133D7E00A7B8EB /* IssuesPresenter.swift */; };
		A882027C2910B19700D8E411 /* AppDelegate.swift in Sources */ = {isa = PBXBuildFile; fileRef = A882027B2910B19700D8E411 /* AppDelegate.swift */; };
		A882027E2910B19700D8E411 /* SceneDelegate.swift in Sources */ = {isa = PBXBuildFile; fileRef = A882027D2910B19700D8E411 /* SceneDelegate.swift */; };
		A88202802910B19700D8E411 /* IssueViewController.swift in Sources */ = {isa = PBXBuildFile; fileRef = A882027F2910B19700D8E411 /* IssueViewController.swift */; };
		A88202852910B19800D8E411 /* Assets.xcassets in Resources */ = {isa = PBXBuildFile; fileRef = A88202842910B19800D8E411 /* Assets.xcassets */; };
		A88202882910B19800D8E411 /* LaunchScreen.storyboard in Resources */ = {isa = PBXBuildFile; fileRef = A88202862910B19800D8E411 /* LaunchScreen.storyboard */; };
		A88202922910B6FF00D8E411 /* IssueListFactory.swift in Sources */ = {isa = PBXBuildFile; fileRef = A88202912910B6FF00D8E411 /* IssueListFactory.swift */; };
		A88202942910B75D00D8E411 /* IssueListView.swift in Sources */ = {isa = PBXBuildFile; fileRef = A88202932910B75D00D8E411 /* IssueListView.swift */; };
		A88202962910B79900D8E411 /* TableViewDataSource.swift in Sources */ = {isa = PBXBuildFile; fileRef = A88202952910B79900D8E411 /* TableViewDataSource.swift */; };
		A88202982910BA8A00D8E411 /* IssueCell.swift in Sources */ = {isa = PBXBuildFile; fileRef = A88202972910BA8A00D8E411 /* IssueCell.swift */; };
		A882029A2910BABB00D8E411 /* IssueItem.swift in Sources */ = {isa = PBXBuildFile; fileRef = A88202992910BABB00D8E411 /* IssueItem.swift */; };
		A894056E2915740A0071DC20 /* IssueViewModel.swift in Sources */ = {isa = PBXBuildFile; fileRef = A894056D2915740A0071DC20 /* IssueViewModel.swift */; };
		A8940580291579340071DC20 /* URLSessionServiceMock.swift in Sources */ = {isa = PBXBuildFile; fileRef = A894057F291579340071DC20 /* URLSessionServiceMock.swift */; };
		A894058229157AD50071DC20 /* IssuesPresenterMock.swift in Sources */ = {isa = PBXBuildFile; fileRef = A894058129157AD50071DC20 /* IssuesPresenterMock.swift */; };
		A894058429157B3B0071DC20 /* IssuesInteractorTests.swift in Sources */ = {isa = PBXBuildFile; fileRef = A894058329157B3B0071DC20 /* IssuesInteractorTests.swift */; };
		A89501502914A9460077C65B /* IssuesInteractor.swift in Sources */ = {isa = PBXBuildFile; fileRef = A895014F2914A9460077C65B /* IssuesInteractor.swift */; };
		A8B8065B2912CDB30025B786 /* TagView.swift in Sources */ = {isa = PBXBuildFile; fileRef = A8B8065A2912CDB30025B786 /* TagView.swift */; };
		A8E9BBFF2916B498007C173F /* IssuesPresenterTests.swift in Sources */ = {isa = PBXBuildFile; fileRef = A8E9BBFE2916B498007C173F /* IssuesPresenterTests.swift */; };
		A8E9BC012916B550007C173F /* IssueListDisplayMock.swift in Sources */ = {isa = PBXBuildFile; fileRef = A8E9BC002916B550007C173F /* IssueListDisplayMock.swift */; };
		A8E9BC042916B982007C173F /* IssueDetailViewController.swift in Sources */ = {isa = PBXBuildFile; fileRef = A8E9BC032916B982007C173F /* IssueDetailViewController.swift */; };
		A8E9BC062916B9AE007C173F /* IssueDetailFactory.swift in Sources */ = {isa = PBXBuildFile; fileRef = A8E9BC052916B9AE007C173F /* IssueDetailFactory.swift */; };
		A8E9BC082916BCAC007C173F /* IssueListCoordinator.swift in Sources */ = {isa = PBXBuildFile; fileRef = A8E9BC072916BCAC007C173F /* IssueListCoordinator.swift */; };
		A8E9BC0B2916C877007C173F /* IssueDetailView.swift in Sources */ = {isa = PBXBuildFile; fileRef = A8E9BC0A2916C877007C173F /* IssueDetailView.swift */; };
		FB8B50BB319AF715B977F3EA /* libPods-issueViewer.a in Frameworks */ = {isa = PBXBuildFile; fileRef = 5EAE4104CEBECCB0C4520A93 /* libPods-issueViewer.a */; };
/* End PBXBuildFile section */

/* Begin PBXContainerItemProxy section */
		A8940579291579160071DC20 /* PBXContainerItemProxy */ = {
			isa = PBXContainerItemProxy;
			containerPortal = A88202702910B19700D8E411 /* Project object */;
			proxyType = 1;
			remoteGlobalIDString = A88202772910B19700D8E411;
			remoteInfo = issueViewer;
		};
/* End PBXContainerItemProxy section */

/* Begin PBXFileReference section */
		45AC9398111908BCEEB9420A /* Pods-issueViewer.debug.xcconfig */ = {isa = PBXFileReference; includeInIndex = 1; lastKnownFileType = text.xcconfig; name = "Pods-issueViewer.debug.xcconfig"; path = "Target Support Files/Pods-issueViewer/Pods-issueViewer.debug.xcconfig"; sourceTree = "<group>"; };
		4F0771E603E20004AA51B882 /* libPods-issueViewerTests.a */ = {isa = PBXFileReference; explicitFileType = archive.ar; includeInIndex = 0; path = "libPods-issueViewerTests.a"; sourceTree = BUILT_PRODUCTS_DIR; };
		5EAE4104CEBECCB0C4520A93 /* libPods-issueViewer.a */ = {isa = PBXFileReference; explicitFileType = archive.ar; includeInIndex = 0; path = "libPods-issueViewer.a"; sourceTree = BUILT_PRODUCTS_DIR; };
		7F6F0BA922B769ACFC22991B /* Pods-issueViewerTests.release.xcconfig */ = {isa = PBXFileReference; includeInIndex = 1; lastKnownFileType = text.xcconfig; name = "Pods-issueViewerTests.release.xcconfig"; path = "Target Support Files/Pods-issueViewerTests/Pods-issueViewerTests.release.xcconfig"; sourceTree = "<group>"; };
		A8073BA02916D18E006A3FC2 /* IssueDetailInteractor.swift */ = {isa = PBXFileReference; lastKnownFileType = sourcecode.swift; path = IssueDetailInteractor.swift; sourceTree = "<group>"; };
		A8073BA32916D224006A3FC2 /* IssueDetailPresenter.swift */ = {isa = PBXFileReference; lastKnownFileType = sourcecode.swift; path = IssueDetailPresenter.swift; sourceTree = "<group>"; };
		A8073BA52917F9EC006A3FC2 /* IssueListCoordinatorMock.swift */ = {isa = PBXFileReference; lastKnownFileType = sourcecode.swift; name = IssueListCoordinatorMock.swift; path = IssueViewerTests/Mocks/IssueListCoordinatorMock.swift; sourceTree = SOURCE_ROOT; };
		A8073BA9291807A1006A3FC2 /* UItableViewCell+Extensions.swift */ = {isa = PBXFileReference; lastKnownFileType = sourcecode.swift; path = "UItableViewCell+Extensions.swift"; sourceTree = "<group>"; };
		A8073BAB2918081B006A3FC2 /* UIImageView+Extensions.swift */ = {isa = PBXFileReference; lastKnownFileType = sourcecode.swift; path = "UIImageView+Extensions.swift"; sourceTree = "<group>"; };
		A814B5092918428A007543EC /* IssueDetailCoordinator.swift */ = {isa = PBXFileReference; lastKnownFileType = sourcecode.swift; path = IssueDetailCoordinator.swift; sourceTree = "<group>"; };
		A833E2502915960800D545AA /* URL+Extensions.swift */ = {isa = PBXFileReference; lastKnownFileType = sourcecode.swift; path = "URL+Extensions.swift"; sourceTree = "<group>"; };
		A833E2522915A6B700D545AA /* UIColor+Extensions.swift */ = {isa = PBXFileReference; lastKnownFileType = sourcecode.swift; path = "UIColor+Extensions.swift"; sourceTree = "<group>"; };
		A8742AE829133D0300A7B8EB /* URLSessionService.swift */ = {isa = PBXFileReference; lastKnownFileType = sourcecode.swift; path = URLSessionService.swift; sourceTree = "<group>"; };
		A8742AEA29133D7E00A7B8EB /* IssuesPresenter.swift */ = {isa = PBXFileReference; lastKnownFileType = sourcecode.swift; path = IssuesPresenter.swift; sourceTree = "<group>"; };
		A88202782910B19700D8E411 /* issueViewer.app */ = {isa = PBXFileReference; explicitFileType = wrapper.application; includeInIndex = 0; path = issueViewer.app; sourceTree = BUILT_PRODUCTS_DIR; };
		A882027B2910B19700D8E411 /* AppDelegate.swift */ = {isa = PBXFileReference; lastKnownFileType = sourcecode.swift; path = AppDelegate.swift; sourceTree = "<group>"; };
		A882027D2910B19700D8E411 /* SceneDelegate.swift */ = {isa = PBXFileReference; lastKnownFileType = sourcecode.swift; path = SceneDelegate.swift; sourceTree = "<group>"; };
		A882027F2910B19700D8E411 /* IssueViewController.swift */ = {isa = PBXFileReference; lastKnownFileType = sourcecode.swift; path = IssueViewController.swift; sourceTree = "<group>"; };
		A88202842910B19800D8E411 /* Assets.xcassets */ = {isa = PBXFileReference; lastKnownFileType = folder.assetcatalog; path = Assets.xcassets; sourceTree = "<group>"; };
		A88202872910B19800D8E411 /* Base */ = {isa = PBXFileReference; lastKnownFileType = file.storyboard; name = Base; path = Base.lproj/LaunchScreen.storyboard; sourceTree = "<group>"; };
		A88202892910B19800D8E411 /* Info.plist */ = {isa = PBXFileReference; lastKnownFileType = text.plist.xml; path = Info.plist; sourceTree = "<group>"; };
		A88202912910B6FF00D8E411 /* IssueListFactory.swift */ = {isa = PBXFileReference; lastKnownFileType = sourcecode.swift; path = IssueListFactory.swift; sourceTree = "<group>"; };
		A88202932910B75D00D8E411 /* IssueListView.swift */ = {isa = PBXFileReference; lastKnownFileType = sourcecode.swift; path = IssueListView.swift; sourceTree = "<group>"; };
		A88202952910B79900D8E411 /* TableViewDataSource.swift */ = {isa = PBXFileReference; lastKnownFileType = sourcecode.swift; path = TableViewDataSource.swift; sourceTree = "<group>"; };
		A88202972910BA8A00D8E411 /* IssueCell.swift */ = {isa = PBXFileReference; lastKnownFileType = sourcecode.swift; path = IssueCell.swift; sourceTree = "<group>"; };
		A88202992910BABB00D8E411 /* IssueItem.swift */ = {isa = PBXFileReference; lastKnownFileType = sourcecode.swift; path = IssueItem.swift; sourceTree = "<group>"; };
		A894056D2915740A0071DC20 /* IssueViewModel.swift */ = {isa = PBXFileReference; lastKnownFileType = sourcecode.swift; path = IssueViewModel.swift; sourceTree = "<group>"; };
		A8940575291579160071DC20 /* issueViewerTests.xctest */ = {isa = PBXFileReference; explicitFileType = wrapper.cfbundle; includeInIndex = 0; path = issueViewerTests.xctest; sourceTree = BUILT_PRODUCTS_DIR; };
		A894057F291579340071DC20 /* URLSessionServiceMock.swift */ = {isa = PBXFileReference; lastKnownFileType = sourcecode.swift; name = URLSessionServiceMock.swift; path = IssueViewerTests/Mocks/URLSessionServiceMock.swift; sourceTree = SOURCE_ROOT; };
		A894058129157AD50071DC20 /* IssuesPresenterMock.swift */ = {isa = PBXFileReference; lastKnownFileType = sourcecode.swift; name = IssuesPresenterMock.swift; path = IssueViewerTests/Mocks/IssuesPresenterMock.swift; sourceTree = SOURCE_ROOT; };
		A894058329157B3B0071DC20 /* IssuesInteractorTests.swift */ = {isa = PBXFileReference; lastKnownFileType = sourcecode.swift; name = IssuesInteractorTests.swift; path = IssueViewerTests/IssuesInteractorTests.swift; sourceTree = SOURCE_ROOT; };
		A895014F2914A9460077C65B /* IssuesInteractor.swift */ = {isa = PBXFileReference; lastKnownFileType = sourcecode.swift; path = IssuesInteractor.swift; sourceTree = "<group>"; };
		A8B8065A2912CDB30025B786 /* TagView.swift */ = {isa = PBXFileReference; lastKnownFileType = sourcecode.swift; path = TagView.swift; sourceTree = "<group>"; };
		A8DCA2B229158884004E6EDF /* libSnapKit.a */ = {isa = PBXFileReference; explicitFileType = archive.ar; path = libSnapKit.a; sourceTree = BUILT_PRODUCTS_DIR; };
		A8DCA2B6291588DE004E6EDF /* libSnapKit.a */ = {isa = PBXFileReference; explicitFileType = archive.ar; path = libSnapKit.a; sourceTree = BUILT_PRODUCTS_DIR; };
		A8E9BBFE2916B498007C173F /* IssuesPresenterTests.swift */ = {isa = PBXFileReference; lastKnownFileType = sourcecode.swift; name = IssuesPresenterTests.swift; path = IssueViewerTests/IssuesPresenterTests.swift; sourceTree = SOURCE_ROOT; };
		A8E9BC002916B550007C173F /* IssueListDisplayMock.swift */ = {isa = PBXFileReference; lastKnownFileType = sourcecode.swift; name = IssueListDisplayMock.swift; path = IssueViewerTests/Mocks/IssueListDisplayMock.swift; sourceTree = SOURCE_ROOT; };
		A8E9BC032916B982007C173F /* IssueDetailViewController.swift */ = {isa = PBXFileReference; lastKnownFileType = sourcecode.swift; path = IssueDetailViewController.swift; sourceTree = "<group>"; };
		A8E9BC052916B9AE007C173F /* IssueDetailFactory.swift */ = {isa = PBXFileReference; lastKnownFileType = sourcecode.swift; path = IssueDetailFactory.swift; sourceTree = "<group>"; };
		A8E9BC072916BCAC007C173F /* IssueListCoordinator.swift */ = {isa = PBXFileReference; lastKnownFileType = sourcecode.swift; path = IssueListCoordinator.swift; sourceTree = "<group>"; };
		A8E9BC0A2916C877007C173F /* IssueDetailView.swift */ = {isa = PBXFileReference; lastKnownFileType = sourcecode.swift; path = IssueDetailView.swift; sourceTree = "<group>"; };
		D87AF3857BCADE291FCB6A99 /* Pods-issueViewer.release.xcconfig */ = {isa = PBXFileReference; includeInIndex = 1; lastKnownFileType = text.xcconfig; name = "Pods-issueViewer.release.xcconfig"; path = "Target Support Files/Pods-issueViewer/Pods-issueViewer.release.xcconfig"; sourceTree = "<group>"; };
		E16DCFAE8892229098B7FFA0 /* Pods-issueViewerTests.debug.xcconfig */ = {isa = PBXFileReference; includeInIndex = 1; lastKnownFileType = text.xcconfig; name = "Pods-issueViewerTests.debug.xcconfig"; path = "Target Support Files/Pods-issueViewerTests/Pods-issueViewerTests.debug.xcconfig"; sourceTree = "<group>"; };
/* End PBXFileReference section */

/* Begin PBXFrameworksBuildPhase section */
		A88202752910B19700D8E411 /* Frameworks */ = {
			isa = PBXFrameworksBuildPhase;
			buildActionMask = 2147483647;
			files = (
				FB8B50BB319AF715B977F3EA /* libPods-issueViewer.a in Frameworks */,
			);
			runOnlyForDeploymentPostprocessing = 0;
		};
		A8940572291579160071DC20 /* Frameworks */ = {
			isa = PBXFrameworksBuildPhase;
			buildActionMask = 2147483647;
			files = (
				21ECB79AF5CF3B35F749D530 /* libPods-issueViewerTests.a in Frameworks */,
			);
			runOnlyForDeploymentPostprocessing = 0;
		};
/* End PBXFrameworksBuildPhase section */

/* Begin PBXGroup section */
		275A7E2F0546BB9E62CCE3B3 /* Frameworks */ = {
			isa = PBXGroup;
			children = (
				A8DCA2B6291588DE004E6EDF /* libSnapKit.a */,
				A8DCA2B229158884004E6EDF /* libSnapKit.a */,
				5EAE4104CEBECCB0C4520A93 /* libPods-issueViewer.a */,
				4F0771E603E20004AA51B882 /* libPods-issueViewerTests.a */,
			);
			name = Frameworks;
			sourceTree = "<group>";
		};
		A8073B9F2916D175006A3FC2 /* Interactor */ = {
			isa = PBXGroup;
			children = (
				A8073BA02916D18E006A3FC2 /* IssueDetailInteractor.swift */,
			);
			path = Interactor;
			sourceTree = "<group>";
		};
		A8073BA22916D216006A3FC2 /* Presenter */ = {
			isa = PBXGroup;
			children = (
				A8073BA32916D224006A3FC2 /* IssueDetailPresenter.swift */,
			);
			path = Presenter;
			sourceTree = "<group>";
		};
		A8073BA72917FADC006A3FC2 /* Coordinator */ = {
			isa = PBXGroup;
			children = (
				A8E9BC072916BCAC007C173F /* IssueListCoordinator.swift */,
			);
			path = Coordinator;
			sourceTree = "<group>";
		};
		A8073BA829180789006A3FC2 /* Common */ = {
			isa = PBXGroup;
			children = (
				A8073BAD2918084A006A3FC2 /* Extensions */,
				A8B806592912CD910025B786 /* ReusableViews */,
			);
			path = Common;
			sourceTree = "<group>";
		};
		A8073BAD2918084A006A3FC2 /* Extensions */ = {
			isa = PBXGroup;
			children = (
				A833E2522915A6B700D545AA /* UIColor+Extensions.swift */,
				A8073BAB2918081B006A3FC2 /* UIImageView+Extensions.swift */,
				A8073BA9291807A1006A3FC2 /* UItableViewCell+Extensions.swift */,
				A833E2502915960800D545AA /* URL+Extensions.swift */,
			);
			path = Extensions;
			sourceTree = "<group>";
		};
		A882026F2910B19700D8E411 = {
			isa = PBXGroup;
			children = (
				A882027A2910B19700D8E411 /* issueViewer */,
				A8940576291579160071DC20 /* issueViewerTests */,
				A88202792910B19700D8E411 /* Products */,
				E79BAFAE60ABF127786A1EA0 /* Pods */,
				275A7E2F0546BB9E62CCE3B3 /* Frameworks */,
			);
			sourceTree = "<group>";
		};
		A88202792910B19700D8E411 /* Products */ = {
			isa = PBXGroup;
			children = (
				A88202782910B19700D8E411 /* issueViewer.app */,
				A8940575291579160071DC20 /* issueViewerTests.xctest */,
			);
			name = Products;
			sourceTree = "<group>";
		};
		A882027A2910B19700D8E411 /* issueViewer */ = {
			isa = PBXGroup;
			children = (
				A8073BA829180789006A3FC2 /* Common */,
				A88202902910B61B00D8E411 /* Application */,
				A8E9BC022916B966007C173F /* IssueDetail */,
				A882028F2910B60700D8E411 /* IssueList */,
			);
			path = issueViewer;
			sourceTree = "<group>";
		};
		A882028F2910B60700D8E411 /* IssueList */ = {
			isa = PBXGroup;
			children = (
				A88202912910B6FF00D8E411 /* IssueListFactory.swift */,
				A8073BA72917FADC006A3FC2 /* Coordinator */,
				A895014E291461D60077C65B /* Interactor */,
				A895014D291461CB0077C65B /* Presenter */,
				A895014C291461BE0077C65B /* Networking */,
				A8B806572912CCD60025B786 /* View */,
			);
			path = IssueList;
			sourceTree = "<group>";
		};
		A88202902910B61B00D8E411 /* Application */ = {
			isa = PBXGroup;
			children = (
				A88202892910B19800D8E411 /* Info.plist */,
				A88202862910B19800D8E411 /* LaunchScreen.storyboard */,
				A88202842910B19800D8E411 /* Assets.xcassets */,
				A882027D2910B19700D8E411 /* SceneDelegate.swift */,
				A882027B2910B19700D8E411 /* AppDelegate.swift */,
			);
			path = Application;
			sourceTree = "<group>";
		};
		A8940576291579160071DC20 /* issueViewerTests */ = {
			isa = PBXGroup;
			children = (
				A894057E291579240071DC20 /* Mocks */,
				A894058329157B3B0071DC20 /* IssuesInteractorTests.swift */,
				A8E9BBFE2916B498007C173F /* IssuesPresenterTests.swift */,
			);
			path = issueViewerTests;
			sourceTree = "<group>";
		};
		A894057E291579240071DC20 /* Mocks */ = {
			isa = PBXGroup;
			children = (
				A894057F291579340071DC20 /* URLSessionServiceMock.swift */,
				A894058129157AD50071DC20 /* IssuesPresenterMock.swift */,
				A8E9BC002916B550007C173F /* IssueListDisplayMock.swift */,
				A8073BA52917F9EC006A3FC2 /* IssueListCoordinatorMock.swift */,
			);
			path = Mocks;
			sourceTree = "<group>";
		};
		A895014C291461BE0077C65B /* Networking */ = {
			isa = PBXGroup;
			children = (
				A88202992910BABB00D8E411 /* IssueItem.swift */,
				A8742AE829133D0300A7B8EB /* URLSessionService.swift */,
			);
			path = Networking;
			sourceTree = "<group>";
		};
		A895014D291461CB0077C65B /* Presenter */ = {
			isa = PBXGroup;
			children = (
				A8742AEA29133D7E00A7B8EB /* IssuesPresenter.swift */,
				A894056D2915740A0071DC20 /* IssueViewModel.swift */,
			);
			path = Presenter;
			sourceTree = "<group>";
		};
		A895014E291461D60077C65B /* Interactor */ = {
			isa = PBXGroup;
			children = (
				A895014F2914A9460077C65B /* IssuesInteractor.swift */,
			);
			path = Interactor;
			sourceTree = "<group>";
		};
		A8B806572912CCD60025B786 /* View */ = {
			isa = PBXGroup;
			children = (
				A88202952910B79900D8E411 /* TableViewDataSource.swift */,
				A88202972910BA8A00D8E411 /* IssueCell.swift */,
				A88202932910B75D00D8E411 /* IssueListView.swift */,
				A882027F2910B19700D8E411 /* IssueViewController.swift */,
			);
			path = View;
			sourceTree = "<group>";
		};
		A8B806592912CD910025B786 /* ReusableViews */ = {
			isa = PBXGroup;
			children = (
				A8B8065A2912CDB30025B786 /* TagView.swift */,
			);
			path = ReusableViews;
			sourceTree = "<group>";
		};
		A8E9BC022916B966007C173F /* IssueDetail */ = {
			isa = PBXGroup;
			children = (
				A8E9BC052916B9AE007C173F /* IssueDetailFactory.swift */,
				A8073BA22916D216006A3FC2 /* Presenter */,
				A8073B9F2916D175006A3FC2 /* Interactor */,
				A8E9BC092916C855007C173F /* View */,
				A814B5092918428A007543EC /* IssueDetailCoordinator.swift */,
			);
			path = IssueDetail;
			sourceTree = "<group>";
		};
		A8E9BC092916C855007C173F /* View */ = {
			isa = PBXGroup;
			children = (
				A8E9BC032916B982007C173F /* IssueDetailViewController.swift */,
				A8E9BC0A2916C877007C173F /* IssueDetailView.swift */,
			);
			path = View;
			sourceTree = "<group>";
		};
		E79BAFAE60ABF127786A1EA0 /* Pods */ = {
			isa = PBXGroup;
			children = (
				45AC9398111908BCEEB9420A /* Pods-issueViewer.debug.xcconfig */,
				D87AF3857BCADE291FCB6A99 /* Pods-issueViewer.release.xcconfig */,
				E16DCFAE8892229098B7FFA0 /* Pods-issueViewerTests.debug.xcconfig */,
				7F6F0BA922B769ACFC22991B /* Pods-issueViewerTests.release.xcconfig */,
			);
			path = Pods;
			sourceTree = "<group>";
		};
/* End PBXGroup section */

/* Begin PBXNativeTarget section */
		A88202772910B19700D8E411 /* issueViewer */ = {
			isa = PBXNativeTarget;
			buildConfigurationList = A882028C2910B19800D8E411 /* Build configuration list for PBXNativeTarget "issueViewer" */;
			buildPhases = (
				DF17FB0B0743DE0B9816A7F5 /* [CP] Check Pods Manifest.lock */,
				A88202742910B19700D8E411 /* Sources */,
				A88202752910B19700D8E411 /* Frameworks */,
				A88202762910B19700D8E411 /* Resources */,
			);
			buildRules = (
			);
			dependencies = (
			);
			name = issueViewer;
			productName = "issue Viewer";
			productReference = A88202782910B19700D8E411 /* issueViewer.app */;
			productType = "com.apple.product-type.application";
		};
		A8940574291579160071DC20 /* issueViewerTests */ = {
			isa = PBXNativeTarget;
			buildConfigurationList = A894057B291579160071DC20 /* Build configuration list for PBXNativeTarget "issueViewerTests" */;
			buildPhases = (
				6FC4B00248E60E896330AD3E /* [CP] Check Pods Manifest.lock */,
				A8940571291579160071DC20 /* Sources */,
				A8940572291579160071DC20 /* Frameworks */,
				A8940573291579160071DC20 /* Resources */,
			);
			buildRules = (
			);
			dependencies = (
				A894057A291579160071DC20 /* PBXTargetDependency */,
			);
			name = issueViewerTests;
			productName = issueViewerTests;
			productReference = A8940575291579160071DC20 /* issueViewerTests.xctest */;
			productType = "com.apple.product-type.bundle.unit-test";
		};
/* End PBXNativeTarget section */

/* Begin PBXProject section */
		A88202702910B19700D8E411 /* Project object */ = {
			isa = PBXProject;
			attributes = {
				BuildIndependentTargetsInParallel = 1;
				LastSwiftUpdateCheck = 1340;
				LastUpgradeCheck = 1340;
				TargetAttributes = {
					A88202772910B19700D8E411 = {
						CreatedOnToolsVersion = 13.4.1;
					};
					A8940574291579160071DC20 = {
						CreatedOnToolsVersion = 13.4.1;
						TestTargetID = A88202772910B19700D8E411;
					};
				};
			};
			buildConfigurationList = A88202732910B19700D8E411 /* Build configuration list for PBXProject "issueViewer" */;
			compatibilityVersion = "Xcode 13.0";
			developmentRegion = en;
			hasScannedForEncodings = 0;
			knownRegions = (
				en,
				Base,
			);
			mainGroup = A882026F2910B19700D8E411;
			productRefGroup = A88202792910B19700D8E411 /* Products */;
			projectDirPath = "";
			projectRoot = "";
			targets = (
				A88202772910B19700D8E411 /* issueViewer */,
				A8940574291579160071DC20 /* issueViewerTests */,
			);
		};
/* End PBXProject section */

/* Begin PBXResourcesBuildPhase section */
		A88202762910B19700D8E411 /* Resources */ = {
			isa = PBXResourcesBuildPhase;
			buildActionMask = 2147483647;
			files = (
				A88202882910B19800D8E411 /* LaunchScreen.storyboard in Resources */,
				A88202852910B19800D8E411 /* Assets.xcassets in Resources */,
			);
			runOnlyForDeploymentPostprocessing = 0;
		};
		A8940573291579160071DC20 /* Resources */ = {
			isa = PBXResourcesBuildPhase;
			buildActionMask = 2147483647;
			files = (
			);
			runOnlyForDeploymentPostprocessing = 0;
		};
/* End PBXResourcesBuildPhase section */

/* Begin PBXShellScriptBuildPhase section */
		6FC4B00248E60E896330AD3E /* [CP] Check Pods Manifest.lock */ = {
			isa = PBXShellScriptBuildPhase;
			buildActionMask = 2147483647;
			files = (
			);
			inputFileListPaths = (
			);
			inputPaths = (
				"${PODS_PODFILE_DIR_PATH}/Podfile.lock",
				"${PODS_ROOT}/Manifest.lock",
			);
			name = "[CP] Check Pods Manifest.lock";
			outputFileListPaths = (
			);
			outputPaths = (
				"$(DERIVED_FILE_DIR)/Pods-issueViewerTests-checkManifestLockResult.txt",
			);
			runOnlyForDeploymentPostprocessing = 0;
			shellPath = /bin/sh;
			shellScript = "diff \"${PODS_PODFILE_DIR_PATH}/Podfile.lock\" \"${PODS_ROOT}/Manifest.lock\" > /dev/null\nif [ $? != 0 ] ; then\n    # print error to STDERR\n    echo \"error: The sandbox is not in sync with the Podfile.lock. Run 'pod install' or update your CocoaPods installation.\" >&2\n    exit 1\nfi\n# This output is used by Xcode 'outputs' to avoid re-running this script phase.\necho \"SUCCESS\" > \"${SCRIPT_OUTPUT_FILE_0}\"\n";
			showEnvVarsInLog = 0;
		};
		DF17FB0B0743DE0B9816A7F5 /* [CP] Check Pods Manifest.lock */ = {
			isa = PBXShellScriptBuildPhase;
			buildActionMask = 2147483647;
			files = (
			);
			inputFileListPaths = (
			);
			inputPaths = (
				"${PODS_PODFILE_DIR_PATH}/Podfile.lock",
				"${PODS_ROOT}/Manifest.lock",
			);
			name = "[CP] Check Pods Manifest.lock";
			outputFileListPaths = (
			);
			outputPaths = (
				"$(DERIVED_FILE_DIR)/Pods-issueViewer-checkManifestLockResult.txt",
			);
			runOnlyForDeploymentPostprocessing = 0;
			shellPath = /bin/sh;
			shellScript = "diff \"${PODS_PODFILE_DIR_PATH}/Podfile.lock\" \"${PODS_ROOT}/Manifest.lock\" > /dev/null\nif [ $? != 0 ] ; then\n    # print error to STDERR\n    echo \"error: The sandbox is not in sync with the Podfile.lock. Run 'pod install' or update your CocoaPods installation.\" >&2\n    exit 1\nfi\n# This output is used by Xcode 'outputs' to avoid re-running this script phase.\necho \"SUCCESS\" > \"${SCRIPT_OUTPUT_FILE_0}\"\n";
			showEnvVarsInLog = 0;
		};
/* End PBXShellScriptBuildPhase section */

/* Begin PBXSourcesBuildPhase section */
		A88202742910B19700D8E411 /* Sources */ = {
			isa = PBXSourcesBuildPhase;
			buildActionMask = 2147483647;
			files = (
				A8E9BC062916B9AE007C173F /* IssueDetailFactory.swift in Sources */,
				A89501502914A9460077C65B /* IssuesInteractor.swift in Sources */,
				A833E2532915A6B700D545AA /* UIColor+Extensions.swift in Sources */,
				A833E2512915960800D545AA /* URL+Extensions.swift in Sources */,
				A8742AEB29133D7E00A7B8EB /* IssuesPresenter.swift in Sources */,
				A88202982910BA8A00D8E411 /* IssueCell.swift in Sources */,
				A8E9BC042916B982007C173F /* IssueDetailViewController.swift in Sources */,
				A814B50A2918428A007543EC /* IssueDetailCoordinator.swift in Sources */,
				A8E9BC0B2916C877007C173F /* IssueDetailView.swift in Sources */,
				A8073BAC2918081B006A3FC2 /* UIImageView+Extensions.swift in Sources */,
				A88202962910B79900D8E411 /* TableViewDataSource.swift in Sources */,
				A8073BA12916D18E006A3FC2 /* IssueDetailInteractor.swift in Sources */,
				A8073BA42916D224006A3FC2 /* IssueDetailPresenter.swift in Sources */,
				A894056E2915740A0071DC20 /* IssueViewModel.swift in Sources */,
				A882029A2910BABB00D8E411 /* IssueItem.swift in Sources */,
				A8742AE929133D0300A7B8EB /* URLSessionService.swift in Sources */,
				A8073BAA291807A1006A3FC2 /* UItableViewCell+Extensions.swift in Sources */,
				A88202942910B75D00D8E411 /* IssueListView.swift in Sources */,
				A8E9BC082916BCAC007C173F /* IssueListCoordinator.swift in Sources */,
				A88202802910B19700D8E411 /* IssueViewController.swift in Sources */,
				A882027C2910B19700D8E411 /* AppDelegate.swift in Sources */,
				A88202922910B6FF00D8E411 /* IssueListFactory.swift in Sources */,
				A882027E2910B19700D8E411 /* SceneDelegate.swift in Sources */,
				A8B8065B2912CDB30025B786 /* TagView.swift in Sources */,
			);
			runOnlyForDeploymentPostprocessing = 0;
		};
		A8940571291579160071DC20 /* Sources */ = {
			isa = PBXSourcesBuildPhase;
			buildActionMask = 2147483647;
			files = (
				A8E9BC012916B550007C173F /* IssueListDisplayMock.swift in Sources */,
				A894058429157B3B0071DC20 /* IssuesInteractorTests.swift in Sources */,
				A8E9BBFF2916B498007C173F /* IssuesPresenterTests.swift in Sources */,
				A8940580291579340071DC20 /* URLSessionServiceMock.swift in Sources */,
				A8073BA62917F9EC006A3FC2 /* IssueListCoordinatorMock.swift in Sources */,
				A894058229157AD50071DC20 /* IssuesPresenterMock.swift in Sources */,
			);
			runOnlyForDeploymentPostprocessing = 0;
		};
/* End PBXSourcesBuildPhase section */

/* Begin PBXTargetDependency section */
		A894057A291579160071DC20 /* PBXTargetDependency */ = {
			isa = PBXTargetDependency;
			target = A88202772910B19700D8E411 /* issueViewer */;
			targetProxy = A8940579291579160071DC20 /* PBXContainerItemProxy */;
		};
/* End PBXTargetDependency section */

/* Begin PBXVariantGroup section */
		A88202862910B19800D8E411 /* LaunchScreen.storyboard */ = {
			isa = PBXVariantGroup;
			children = (
				A88202872910B19800D8E411 /* Base */,
			);
			name = LaunchScreen.storyboard;
			sourceTree = "<group>";
		};
/* End PBXVariantGroup section */

/* Begin XCBuildConfiguration section */
		A882028A2910B19800D8E411 /* Debug */ = {
			isa = XCBuildConfiguration;
			buildSettings = {
				ALWAYS_SEARCH_USER_PATHS = NO;
				CLANG_ANALYZER_NONNULL = YES;
				CLANG_ANALYZER_NUMBER_OBJECT_CONVERSION = YES_AGGRESSIVE;
				CLANG_CXX_LANGUAGE_STANDARD = "gnu++17";
				CLANG_ENABLE_MODULES = YES;
				CLANG_ENABLE_OBJC_ARC = YES;
				CLANG_ENABLE_OBJC_WEAK = YES;
				CLANG_WARN_BLOCK_CAPTURE_AUTORELEASING = YES;
				CLANG_WARN_BOOL_CONVERSION = YES;
				CLANG_WARN_COMMA = YES;
				CLANG_WARN_CONSTANT_CONVERSION = YES;
				CLANG_WARN_DEPRECATED_OBJC_IMPLEMENTATIONS = YES;
				CLANG_WARN_DIRECT_OBJC_ISA_USAGE = YES_ERROR;
				CLANG_WARN_DOCUMENTATION_COMMENTS = YES;
				CLANG_WARN_EMPTY_BODY = YES;
				CLANG_WARN_ENUM_CONVERSION = YES;
				CLANG_WARN_INFINITE_RECURSION = YES;
				CLANG_WARN_INT_CONVERSION = YES;
				CLANG_WARN_NON_LITERAL_NULL_CONVERSION = YES;
				CLANG_WARN_OBJC_IMPLICIT_RETAIN_SELF = YES;
				CLANG_WARN_OBJC_LITERAL_CONVERSION = YES;
				CLANG_WARN_OBJC_ROOT_CLASS = YES_ERROR;
				CLANG_WARN_QUOTED_INCLUDE_IN_FRAMEWORK_HEADER = YES;
				CLANG_WARN_RANGE_LOOP_ANALYSIS = YES;
				CLANG_WARN_STRICT_PROTOTYPES = YES;
				CLANG_WARN_SUSPICIOUS_MOVE = YES;
				CLANG_WARN_UNGUARDED_AVAILABILITY = YES_AGGRESSIVE;
				CLANG_WARN_UNREACHABLE_CODE = YES;
				CLANG_WARN__DUPLICATE_METHOD_MATCH = YES;
				COPY_PHASE_STRIP = NO;
				DEBUG_INFORMATION_FORMAT = dwarf;
				ENABLE_STRICT_OBJC_MSGSEND = YES;
				ENABLE_TESTABILITY = YES;
				GCC_C_LANGUAGE_STANDARD = gnu11;
				GCC_DYNAMIC_NO_PIC = NO;
				GCC_NO_COMMON_BLOCKS = YES;
				GCC_OPTIMIZATION_LEVEL = 0;
				GCC_PREPROCESSOR_DEFINITIONS = (
					"DEBUG=1",
					"$(inherited)",
				);
				GCC_WARN_64_TO_32_BIT_CONVERSION = YES;
				GCC_WARN_ABOUT_RETURN_TYPE = YES_ERROR;
				GCC_WARN_UNDECLARED_SELECTOR = YES;
				GCC_WARN_UNINITIALIZED_AUTOS = YES_AGGRESSIVE;
				GCC_WARN_UNUSED_FUNCTION = YES;
				GCC_WARN_UNUSED_VARIABLE = YES;
				IPHONEOS_DEPLOYMENT_TARGET = 15.5;
				MTL_ENABLE_DEBUG_INFO = INCLUDE_SOURCE;
				MTL_FAST_MATH = YES;
				ONLY_ACTIVE_ARCH = YES;
				SDKROOT = iphoneos;
				SWIFT_ACTIVE_COMPILATION_CONDITIONS = DEBUG;
				SWIFT_OPTIMIZATION_LEVEL = "-Onone";
			};
			name = Debug;
		};
		A882028B2910B19800D8E411 /* Release */ = {
			isa = XCBuildConfiguration;
			buildSettings = {
				ALWAYS_SEARCH_USER_PATHS = NO;
				CLANG_ANALYZER_NONNULL = YES;
				CLANG_ANALYZER_NUMBER_OBJECT_CONVERSION = YES_AGGRESSIVE;
				CLANG_CXX_LANGUAGE_STANDARD = "gnu++17";
				CLANG_ENABLE_MODULES = YES;
				CLANG_ENABLE_OBJC_ARC = YES;
				CLANG_ENABLE_OBJC_WEAK = YES;
				CLANG_WARN_BLOCK_CAPTURE_AUTORELEASING = YES;
				CLANG_WARN_BOOL_CONVERSION = YES;
				CLANG_WARN_COMMA = YES;
				CLANG_WARN_CONSTANT_CONVERSION = YES;
				CLANG_WARN_DEPRECATED_OBJC_IMPLEMENTATIONS = YES;
				CLANG_WARN_DIRECT_OBJC_ISA_USAGE = YES_ERROR;
				CLANG_WARN_DOCUMENTATION_COMMENTS = YES;
				CLANG_WARN_EMPTY_BODY = YES;
				CLANG_WARN_ENUM_CONVERSION = YES;
				CLANG_WARN_INFINITE_RECURSION = YES;
				CLANG_WARN_INT_CONVERSION = YES;
				CLANG_WARN_NON_LITERAL_NULL_CONVERSION = YES;
				CLANG_WARN_OBJC_IMPLICIT_RETAIN_SELF = YES;
				CLANG_WARN_OBJC_LITERAL_CONVERSION = YES;
				CLANG_WARN_OBJC_ROOT_CLASS = YES_ERROR;
				CLANG_WARN_QUOTED_INCLUDE_IN_FRAMEWORK_HEADER = YES;
				CLANG_WARN_RANGE_LOOP_ANALYSIS = YES;
				CLANG_WARN_STRICT_PROTOTYPES = YES;
				CLANG_WARN_SUSPICIOUS_MOVE = YES;
				CLANG_WARN_UNGUARDED_AVAILABILITY = YES_AGGRESSIVE;
				CLANG_WARN_UNREACHABLE_CODE = YES;
				CLANG_WARN__DUPLICATE_METHOD_MATCH = YES;
				COPY_PHASE_STRIP = NO;
				DEBUG_INFORMATION_FORMAT = "dwarf-with-dsym";
				ENABLE_NS_ASSERTIONS = NO;
				ENABLE_STRICT_OBJC_MSGSEND = YES;
				GCC_C_LANGUAGE_STANDARD = gnu11;
				GCC_NO_COMMON_BLOCKS = YES;
				GCC_WARN_64_TO_32_BIT_CONVERSION = YES;
				GCC_WARN_ABOUT_RETURN_TYPE = YES_ERROR;
				GCC_WARN_UNDECLARED_SELECTOR = YES;
				GCC_WARN_UNINITIALIZED_AUTOS = YES_AGGRESSIVE;
				GCC_WARN_UNUSED_FUNCTION = YES;
				GCC_WARN_UNUSED_VARIABLE = YES;
				IPHONEOS_DEPLOYMENT_TARGET = 15.5;
				MTL_ENABLE_DEBUG_INFO = NO;
				MTL_FAST_MATH = YES;
				SDKROOT = iphoneos;
				SWIFT_COMPILATION_MODE = wholemodule;
				SWIFT_OPTIMIZATION_LEVEL = "-O";
				VALIDATE_PRODUCT = YES;
			};
			name = Release;
		};
		A882028D2910B19800D8E411 /* Debug */ = {
			isa = XCBuildConfiguration;
			baseConfigurationReference = 45AC9398111908BCEEB9420A /* Pods-issueViewer.debug.xcconfig */;
			buildSettings = {
				ASSETCATALOG_COMPILER_APPICON_NAME = AppIcon;
				ASSETCATALOG_COMPILER_GLOBAL_ACCENT_COLOR_NAME = AccentColor;
				CODE_SIGN_IDENTITY = "Apple Development";
				CODE_SIGN_STYLE = Automatic;
				CURRENT_PROJECT_VERSION = 1;
				DEVELOPMENT_TEAM = PC9YQ322VG;
				GENERATE_INFOPLIST_FILE = YES;
				INFOPLIST_FILE = issueViewer/Application/Info.plist;
				INFOPLIST_KEY_UIApplicationSupportsIndirectInputEvents = YES;
				INFOPLIST_KEY_UILaunchStoryboardName = LaunchScreen;
				INFOPLIST_KEY_UISupportedInterfaceOrientations_iPad = "UIInterfaceOrientationPortrait UIInterfaceOrientationPortraitUpsideDown UIInterfaceOrientationLandscapeLeft UIInterfaceOrientationLandscapeRight";
				INFOPLIST_KEY_UISupportedInterfaceOrientations_iPhone = "UIInterfaceOrientationPortrait UIInterfaceOrientationLandscapeLeft UIInterfaceOrientationLandscapeRight";
				LD_RUNPATH_SEARCH_PATHS = (
					"$(inherited)",
					"@executable_path/Frameworks",
				);
				MARKETING_VERSION = 1.0;
				PRODUCT_BUNDLE_IDENTIFIER = "faelzin.issue-Viewer";
				PRODUCT_NAME = "$(TARGET_NAME)";
				PROVISIONING_PROFILE_SPECIFIER = "";
				SWIFT_EMIT_LOC_STRINGS = YES;
				SWIFT_VERSION = 5.0;
				TARGETED_DEVICE_FAMILY = "1,2";
			};
			name = Debug;
		};
		A882028E2910B19800D8E411 /* Release */ = {
			isa = XCBuildConfiguration;
			baseConfigurationReference = D87AF3857BCADE291FCB6A99 /* Pods-issueViewer.release.xcconfig */;
			buildSettings = {
				ASSETCATALOG_COMPILER_APPICON_NAME = AppIcon;
				ASSETCATALOG_COMPILER_GLOBAL_ACCENT_COLOR_NAME = AccentColor;
				CODE_SIGN_IDENTITY = "Apple Development";
				CODE_SIGN_STYLE = Automatic;
				CURRENT_PROJECT_VERSION = 1;
				DEVELOPMENT_TEAM = PC9YQ322VG;
				GENERATE_INFOPLIST_FILE = YES;
				INFOPLIST_FILE = issueViewer/Application/Info.plist;
				INFOPLIST_KEY_UIApplicationSupportsIndirectInputEvents = YES;
				INFOPLIST_KEY_UILaunchStoryboardName = LaunchScreen;
				INFOPLIST_KEY_UISupportedInterfaceOrientations_iPad = "UIInterfaceOrientationPortrait UIInterfaceOrientationPortraitUpsideDown UIInterfaceOrientationLandscapeLeft UIInterfaceOrientationLandscapeRight";
				INFOPLIST_KEY_UISupportedInterfaceOrientations_iPhone = "UIInterfaceOrientationPortrait UIInterfaceOrientationLandscapeLeft UIInterfaceOrientationLandscapeRight";
				LD_RUNPATH_SEARCH_PATHS = (
					"$(inherited)",
					"@executable_path/Frameworks",
				);
				MARKETING_VERSION = 1.0;
				PRODUCT_BUNDLE_IDENTIFIER = "faelzin.issue-Viewer";
				PRODUCT_NAME = "$(TARGET_NAME)";
				PROVISIONING_PROFILE_SPECIFIER = "";
				SWIFT_EMIT_LOC_STRINGS = YES;
				SWIFT_VERSION = 5.0;
				TARGETED_DEVICE_FAMILY = "1,2";
			};
			name = Release;
		};
		A894057C291579160071DC20 /* Debug */ = {
			isa = XCBuildConfiguration;
			baseConfigurationReference = E16DCFAE8892229098B7FFA0 /* Pods-issueViewerTests.debug.xcconfig */;
			buildSettings = {
				BUNDLE_LOADER = "$(TEST_HOST)";
				CODE_SIGN_STYLE = Automatic;
				CURRENT_PROJECT_VERSION = 1;
				DEVELOPMENT_TEAM = PC9YQ322VG;
				GENERATE_INFOPLIST_FILE = YES;
				MARKETING_VERSION = 1.0;
				PRODUCT_BUNDLE_IDENTIFIER = faelzin.issueViewerTests;
				PRODUCT_NAME = "$(TARGET_NAME)";
				SWIFT_EMIT_LOC_STRINGS = NO;
				SWIFT_VERSION = 5.0;
				TARGETED_DEVICE_FAMILY = "1,2";
				TEST_HOST = "$(BUILT_PRODUCTS_DIR)/issueViewer.app/issueViewer";
			};
			name = Debug;
		};
		A894057D291579160071DC20 /* Release */ = {
			isa = XCBuildConfiguration;
			baseConfigurationReference = 7F6F0BA922B769ACFC22991B /* Pods-issueViewerTests.release.xcconfig */;
			buildSettings = {
				BUNDLE_LOADER = "$(TEST_HOST)";
				CODE_SIGN_STYLE = Automatic;
				CURRENT_PROJECT_VERSION = 1;
				DEVELOPMENT_TEAM = PC9YQ322VG;
				GENERATE_INFOPLIST_FILE = YES;
				MARKETING_VERSION = 1.0;
				PRODUCT_BUNDLE_IDENTIFIER = faelzin.issueViewerTests;
				PRODUCT_NAME = "$(TARGET_NAME)";
				SWIFT_EMIT_LOC_STRINGS = NO;
				SWIFT_VERSION = 5.0;
				TARGETED_DEVICE_FAMILY = "1,2";
				TEST_HOST = "$(BUILT_PRODUCTS_DIR)/issueViewer.app/issueViewer";
			};
			name = Release;
		};
/* End XCBuildConfiguration section */

/* Begin XCConfigurationList section */
		A88202732910B19700D8E411 /* Build configuration list for PBXProject "issueViewer" */ = {
			isa = XCConfigurationList;
			buildConfigurations = (
				A882028A2910B19800D8E411 /* Debug */,
				A882028B2910B19800D8E411 /* Release */,
			);
			defaultConfigurationIsVisible = 0;
			defaultConfigurationName = Release;
		};
		A882028C2910B19800D8E411 /* Build configuration list for PBXNativeTarget "issueViewer" */ = {
			isa = XCConfigurationList;
			buildConfigurations = (
				A882028D2910B19800D8E411 /* Debug */,
				A882028E2910B19800D8E411 /* Release */,
			);
			defaultConfigurationIsVisible = 0;
			defaultConfigurationName = Release;
		};
		A894057B291579160071DC20 /* Build configuration list for PBXNativeTarget "issueViewerTests" */ = {
			isa = XCConfigurationList;
			buildConfigurations = (
				A894057C291579160071DC20 /* Debug */,
				A894057D291579160071DC20 /* Release */,
			);
			defaultConfigurationIsVisible = 0;
			defaultConfigurationName = Release;
		};
/* End XCConfigurationList section */
	};
	rootObject = A88202702910B19700D8E411 /* Project object */;
}
